# @generated - this file is auto-generated by `mise lock` https://mise.en.dev/dev-tools/mise-lock.html

[[tools."github:CycloneDX/cyclonedx-rust-cargo"]]
version = "cargo-cyclonedx-0.5.9"
backend = "github:CycloneDX/cyclonedx-rust-cargo"

[tools."github:CycloneDX/cyclonedx-rust-cargo"."platforms.linux-arm64"]
checksum = "sha256:7bf131ca5389b07a4f10c182bcf8a5ad339d64408b6f0d8f6834a0bd6120a06a"
url = "https://github.com/CycloneDX/cyclonedx-rust-cargo/releases/download/cargo-cyclonedx-0.5.9/cargo-cyclonedx-aarch64-unknown-linux-gnu.tar.xz"
url_api = "https://api.github.com/repos/CycloneDX/cyclonedx-rust-cargo/releases/assets/377060331"
provenance = "github-attestations"

[tools."github:CycloneDX/cyclonedx-rust-cargo"."platforms.linux-arm64-musl"]
checksum = "sha256:7bf131ca5389b07a4f10c182bcf8a5ad339d64408b6f0d8f6834a0bd6120a06a"
url = "https://github.com/CycloneDX/cyclonedx-rust-cargo/releases/download/cargo-cyclonedx-0.5.9/cargo-cyclonedx-aarch64-unknown-linux-gnu.tar.xz"
url_api = "https://api.github.com/repos/CycloneDX/cyclonedx-rust-cargo/releases/assets/377060331"
provenance = "github-attestations"

[tools."github:CycloneDX/cyclonedx-rust-cargo"."platforms.linux-x64"]
checksum = "sha256:fb8dbee9f182173e062a64a387b21a0badc6fab8b2abf9294973f012972bf6d8"
url = "https://github.com/CycloneDX/cyclonedx-rust-cargo/releases/download/cargo-cyclonedx-0.5.9/cargo-cyclonedx-x86_64-unknown-linux-gnu.tar.xz"
url_api = "https://api.github.com/repos/CycloneDX/cyclonedx-rust-cargo/releases/assets/377060340"
provenance = "github-attestations"

[tools."github:CycloneDX/cyclonedx-rust-cargo"."platforms.linux-x64-musl"]
checksum = "sha256:9bd3e599314f50810c9d98b8b68a617ff9d3cc20873968d90b29d121f6b226ff"
url = "https://github.com/CycloneDX/cyclonedx-rust-cargo/releases/download/cargo-cyclonedx-0.5.9/cargo-cyclonedx-x86_64-unknown-linux-musl.tar.xz"
url_api = "https://api.github.com/repos/CycloneDX/cyclonedx-rust-cargo/releases/assets/377060344"
provenance = "github-attestations"

[tools."github:CycloneDX/cyclonedx-rust-cargo"."platforms.macos-arm64"]
checksum = "sha256:4c53dfa21e70b65bf7f8d2592aadde3bcb02c1a40b6ec63b877e5ca65a29e180"
url = "https://github.com/CycloneDX/cyclonedx-rust-cargo/releases/download/cargo-cyclonedx-0.5.9/cargo-cyclonedx-aarch64-apple-darwin.tar.xz"
url_api = "https://api.github.com/repos/CycloneDX/cyclonedx-rust-cargo/releases/assets/377060329"
provenance = "github-attestations"

[tools."github:CycloneDX/cyclonedx-rust-cargo"."platforms.macos-x64"]
checksum = "sha256:59d2a583fa632f8759456c1b531340331255b277386d23c598a3dbbc916fde63"
url = "https://github.com/CycloneDX/cyclonedx-rust-cargo/releases/download/cargo-cyclonedx-0.5.9/cargo-cyclonedx-x86_64-apple-darwin.tar.xz"
url_api = "https://api.github.com/repos/CycloneDX/cyclonedx-rust-cargo/releases/assets/377060333"
provenance = "github-attestations"

[tools."github:CycloneDX/cyclonedx-rust-cargo"."platforms.windows-x64"]
checksum = "sha256:8750e00775661dcb75bc482c1a298839fd94e8a0c033b49905ba0f246ffed202"
url = "https://github.com/CycloneDX/cyclonedx-rust-cargo/releases/download/cargo-cyclonedx-0.5.9/cargo-cyclonedx-x86_64-pc-windows-msvc.zip"
url_api = "https://api.github.com/repos/CycloneDX/cyclonedx-rust-cargo/releases/assets/377060337"
provenance = "github-attestations"

[[tools."github:cross-rs/cross"]]
version = "0.2.5"
backend = "github:cross-rs/cross"

[tools."github:cross-rs/cross"."platforms.linux-x64"]
url = "https://github.com/cross-rs/cross/releases/download/v0.2.5/cross-x86_64-unknown-linux-gnu.tar.gz"
url_api = "https://api.github.com/repos/cross-rs/cross/releases/assets/94307579"

[tools."github:cross-rs/cross"."platforms.linux-x64-musl"]
url = "https://github.com/cross-rs/cross/releases/download/v0.2.5/cross-x86_64-unknown-linux-musl.tar.gz"
url_api = "https://api.github.com/repos/cross-rs/cross/releases/assets/94307576"

[tools."github:cross-rs/cross"."platforms.macos-x64"]
url = "https://github.com/cross-rs/cross/releases/download/v0.2.5/cross-x86_64-apple-darwin.tar.gz"
url_api = "https://api.github.com/repos/cross-rs/cross/releases/assets/94307578"

[tools."github:cross-rs/cross"."platforms.windows-x64"]
url = "https://github.com/cross-rs/cross/releases/download/v0.2.5/cross-x86_64-pc-windows-msvc.tar.gz"
url_api = "https://api.github.com/repos/cross-rs/cross/releases/assets/94307577"

[[tools."github:silitics/sidex"]]
version = "0.2.6"
backend = "github:silitics/sidex"

[tools."github:silitics/sidex"."platforms.linux-arm64"]
checksum = "sha256:7cb5fc5479fd8e19bfe3b2b592090c3c1508391342d62f587e27437e0cf156f2"
url = "https://github.com/silitics/sidex/releases/download/v0.2.6/sidex-aarch64-unknown-linux-musl.tar.gz"
url_api = "https://api.github.com/repos/silitics/sidex/releases/assets/418108325"

[tools."github:silitics/sidex"."platforms.linux-arm64-musl"]
checksum = "sha256:7cb5fc5479fd8e19bfe3b2b592090c3c1508391342d62f587e27437e0cf156f2"
url = "https://github.com/silitics/sidex/releases/download/v0.2.6/sidex-aarch64-unknown-linux-musl.tar.gz"
url_api = "https://api.github.com/repos/silitics/sidex/releases/assets/418108325"

[tools."github:silitics/sidex"."platforms.linux-x64"]
checksum = "sha256:3378bd69864a4e696274636457531f456be6010e79d4d8d7df562e4b58586d50"
url = "https://github.com/silitics/sidex/releases/download/v0.2.6/sidex-x86_64-unknown-linux-musl.tar.gz"
url_api = "https://api.github.com/repos/silitics/sidex/releases/assets/418108377"

[tools."github:silitics/sidex"."platforms.linux-x64-musl"]
checksum = "sha256:3378bd69864a4e696274636457531f456be6010e79d4d8d7df562e4b58586d50"
url = "https://github.com/silitics/sidex/releases/download/v0.2.6/sidex-x86_64-unknown-linux-musl.tar.gz"
url_api = "https://api.github.com/repos/silitics/sidex/releases/assets/418108377"

[tools."github:silitics/sidex"."platforms.macos-arm64"]
checksum = "sha256:1623ed712e8347efb67b68ff013e6fa7cf4930bc7692c21b54206b92bf739d31"
url = "https://github.com/silitics/sidex/releases/download/v0.2.6/sidex-aarch64-apple-darwin.tar.gz"
url_api = "https://api.github.com/repos/silitics/sidex/releases/assets/418107874"

[[tools.node]]
version = "22.23.1"
backend = "core:node"

[tools.node."platforms.linux-arm64"]
checksum = "sha256:543fa39e57d4c07855939459a323f4deb9a79dd1bb45e6e99458b0f2de10db8d"
url = "https://nodejs.org/dist/v22.23.1/node-v22.23.1-linux-arm64.tar.gz"

[tools.node."platforms.linux-arm64-musl"]
checksum = "sha256:e936285203461f05614bba13fb265ab64e5c63048b35514cec66ae9a1666a07b"
url = "https://unofficial-builds.nodejs.org/download/release/v22.23.1/node-v22.23.1-linux-arm64-musl.tar.gz"

[tools.node."platforms.linux-x64"]
checksum = "sha256:7a8cb04b4a1df4eaf432125324b81b29a088e73570a23259a8de1c65d07fc129"
url = "https://nodejs.org/dist/v22.23.1/node-v22.23.1-linux-x64.tar.gz"

[tools.node."platforms.linux-x64-musl"]
checksum = "sha256:b04877cf19a1b2515cfd95a0eab8f357b2eaa065128c3b9da07b0b10efe2577c"
url = "https://unofficial-builds.nodejs.org/download/release/v22.23.1/node-v22.23.1-linux-x64-musl.tar.gz"

[tools.node."platforms.macos-arm64"]
checksum = "sha256:ef28d8fab2c0e4314522d4bb1b7173270aa3937e93b92cb7de79c112ac1fa953"
url = "https://nodejs.org/dist/v22.23.1/node-v22.23.1-darwin-arm64.tar.gz"

[tools.node."platforms.macos-x64"]
checksum = "sha256:b8da981b8a0b1241b70249204916da76c63573ddf5814dbd2d1e41069105cb81"
url = "https://nodejs.org/dist/v22.23.1/node-v22.23.1-darwin-x64.tar.gz"

[tools.node."platforms.windows-x64"]
checksum = "sha256:7df0bc9375723f4a86b3aa1b7cc73342423d9677a8df4538aca31a049e309c29"
url = "https://nodejs.org/dist/v22.23.1/node-v22.23.1-win-x64.zip"

[[tools.pnpm]]
version = "11.9.0"
backend = "aqua:pnpm/pnpm"

[tools.pnpm."platforms.linux-arm64"]
checksum = "sha256:7981d0109fffdf8f15b838243240c8c9f9114dd4b7111d4227c1453522d75b61"
url = "https://github.com/pnpm/pnpm/releases/download/v11.9.0/pnpm-linux-arm64.tar.gz"
provenance = "github-attestations"

[tools.pnpm."platforms.linux-arm64-musl"]
checksum = "sha256:3622d3010d6af601190e7b63994fb0fe297e805699145aec949f4879f2672fb5"
url = "https://github.com/pnpm/pnpm/releases/download/v11.9.0/pnpm-linux-arm64-musl.tar.gz"
provenance = "github-attestations"

[tools.pnpm."platforms.linux-x64"]
checksum = "sha256:8d987d82585453bcf260ea5d0bae346d298f1a5e71bcde8d99976521408ad895"
url = "https://github.com/pnpm/pnpm/releases/download/v11.9.0/pnpm-linux-x64.tar.gz"
provenance = "github-attestations"

[tools.pnpm."platforms.linux-x64-musl"]
checksum = "sha256:655fcf2609e3145cfd7c2f05113429523706d0a618f2957eaa6c3562f6a5998b"
url = "https://github.com/pnpm/pnpm/releases/download/v11.9.0/pnpm-linux-x64-musl.tar.gz"
provenance = "github-attestations"

[tools.pnpm."platforms.macos-arm64"]
checksum = "sha256:ca6f98a8911ec975509464026205e2b54aed74cecd36c5ae9932e5997bd7de2a"
url = "https://github.com/pnpm/pnpm/releases/download/v11.9.0/pnpm-darwin-arm64.tar.gz"
provenance = "github-attestations"

[tools.pnpm."platforms.windows-x64"]
checksum = "sha256:82c130717a59f237c49e8eaa8a7ed75c1d8d351a5b6dedeee3196b8e1b597c6e"
url = "https://github.com/pnpm/pnpm/releases/download/v11.9.0/pnpm-win32-x64.zip"
provenance = "github-attestations"

[[tools.python]]
version = "3.12.13"
backend = "core:python"

[tools.python."platforms.linux-arm64"]
checksum = "sha256:b85154b9c7ca9de3f85f2c9f032d503151db16ef198de86b885fc61890c075ed"
url = "https://github.com/astral-sh/python-build-standalone/releases/download/20260623/cpython-3.12.13+20260623-aarch64-unknown-linux-gnu-install_only_stripped.tar.gz"
provenance = "github-attestations"

[tools.python."platforms.linux-arm64-musl"]
checksum = "sha256:66f59eb91a2c7e4fe11201e71d23abf1e14730e37d7ae86c68c50124f7c6d5b7"
url = "https://github.com/astral-sh/python-build-standalone/releases/download/20260623/cpython-3.12.13+20260623-aarch64-unknown-linux-musl-install_only_stripped.tar.gz"
provenance = "github-attestations"

[tools.python."platforms.linux-x64"]
checksum = "sha256:10a452caac7041357805f0c19a60576df53f1ab06d1abfc9200f1f0157cb3bd1"
url = "https://github.com/astral-sh/python-build-standalone/releases/download/20260623/cpython-3.12.13+20260623-x86_64-unknown-linux-gnu-install_only_stripped.tar.gz"
provenance = "github-attestations"

[tools.python."platforms.linux-x64-musl"]
checksum = "sha256:c97f849b60b7baf80c5fe734e905a777d668be86bf530274041682a7a7b239da"
url = "https://github.com/astral-sh/python-build-standalone/releases/download/20260623/cpython-3.12.13+20260623-x86_64-unknown-linux-musl-install_only_stripped.tar.gz"
provenance = "github-attestations"

[tools.python."platforms.macos-arm64"]
checksum = "sha256:41df7d3ae4757e84b97874f76d634268456aaa271740d33f968d826374998fb7"
url = "https://github.com/astral-sh/python-build-standalone/releases/download/20260623/cpython-3.12.13+20260623-aarch64-apple-darwin-install_only_stripped.tar.gz"
provenance = "github-attestations"

[tools.python."platforms.macos-x64"]
checksum = "sha256:a6bbea996c5f14eb55ab275889d2df45408deec504b4a7219d7b59c045b2555e"
url = "https://github.com/astral-sh/python-build-standalone/releases/download/20260623/cpython-3.12.13+20260623-x86_64-apple-darwin-install_only_stripped.tar.gz"
provenance = "github-attestations"

[tools.python."platforms.windows-x64"]
checksum = "sha256:de3e362376859b060fa8b856c434efa81fcf6d4ede3d6e177c7e2169670cac50"
url = "https://github.com/astral-sh/python-build-standalone/releases/download/20260623/cpython-3.12.13+20260623-x86_64-pc-windows-msvc-install_only_stripped.tar.gz"
provenance = "github-attestations"

[[tools.uv]]
version = "0.11.23"
backend = "aqua:astral-sh/uv"

[tools.uv."platforms.linux-arm64"]
checksum = "sha256:80efb615b78c1e5721e5858135cd3499609b26741220332c843bd58936053bc6"
url = "https://github.com/astral-sh/uv/releases/download/0.11.23/uv-aarch64-unknown-linux-musl.tar.gz"
provenance = "github-attestations"

[tools.uv."platforms.linux-arm64-musl"]
checksum = "sha256:80efb615b78c1e5721e5858135cd3499609b26741220332c843bd58936053bc6"
url = "https://github.com/astral-sh/uv/releases/download/0.11.23/uv-aarch64-unknown-linux-musl.tar.gz"
provenance = "github-attestations"

[tools.uv."platforms.linux-x64"]
checksum = "sha256:6be47081100ff1ce0ac7e85ba2ac12e32f2ffa6f946d78bf7f24ee9ce3a46181"
url = "https://github.com/astral-sh/uv/releases/download/0.11.23/uv-x86_64-unknown-linux-musl.tar.gz"
provenance = "github-attestations"

[tools.uv."platforms.linux-x64-musl"]
checksum = "sha256:6be47081100ff1ce0ac7e85ba2ac12e32f2ffa6f946d78bf7f24ee9ce3a46181"
url = "https://github.com/astral-sh/uv/releases/download/0.11.23/uv-x86_64-unknown-linux-musl.tar.gz"
provenance = "github-attestations"

[tools.uv."platforms.macos-arm64"]
checksum = "sha256:71ef9de85db820749b3b12b7585624ee279e9c5afcbc6f8236bc3d628c4305b0"
url = "https://github.com/astral-sh/uv/releases/download/0.11.23/uv-aarch64-apple-darwin.tar.gz"
provenance = "github-attestations"

[tools.uv."platforms.macos-x64"]
checksum = "sha256:7a88155033cc469bba5bd5a24212e355eb92e3e2a276320b669ec576296c1e25"
url = "https://github.com/astral-sh/uv/releases/download/0.11.23/uv-x86_64-apple-darwin.tar.gz"
provenance = "github-attestations"

[tools.uv."platforms.windows-x64"]
checksum = "sha256:02ad29f07e674d68726ba3bb1ff25b335d83515756e2b1a194bb56c3cc30e07c"
url = "https://github.com/astral-sh/uv/releases/download/0.11.23/uv-x86_64-pc-windows-msvc.zip"
provenance = "github-attestations"
